{
  "name": "scribble4max",
  "version": "1.5.0",
  "lockfileVersion": 1,
  "requires": true,
  "dependencies": {
    "harmonics": {
      "version": "1.0.7",
      "resolved": "https://registry.npmjs.org/harmonics/-/harmonics-1.0.7.tgz",
      "integrity": "sha512-kvi3ZuZjVhnGMJb2MdYLttJoBqOEPomzfP9iIXIKWQxWsOxzkHww25uqK4Sk1mY4hiQba7QFYpZHLouqeoAO/w=="
    },
    "jsmidgen": {
      "version": "0.1.5",
      "resolved": "https://registry.npmjs.org/jsmidgen/-/jsmidgen-0.1.5.tgz",
      "integrity": "sha1-rQr9Y3XrEvUQZAJTk847rsOAWF0="
    },
    "scribbletune": {
      "version": "4.1.1",
      "resolved": "https://registry.npmjs.org/scribbletune/-/scribbletune-4.1.1.tgz",
      "integrity": "sha512-7VL260Ec4Pl7Z+NLQdAMmy3vq4HOTbd27RWUVLSQH3CgkuFpXkReTFGDzOkVu59I/oVvBp8Rdh+qoVukdU+BqQ==",
      "requires": {
        "harmonics": "^1.0.7",
        "jsmidgen": "~0.1.5"
      }
    }
  }
}
